
Microsoft Visual Studio Solution File, Format Version 12.00
# Visual Studio Version 17
VisualStudioVersion = 17.13.35931.197
MinimumVisualStudioVersion = 10.0.40219.1
Project("{FAE04EC0-301F-11D3-BF4B-00C04F79EFBC}") = "IATec.Shared.Results", "IATec.Shared.Results\IATec.Shared.Results.csproj", "{7E538164-A5F5-10BC-E664-CBAA06980991}"
EndProject
Global
	GlobalSection(SolutionConfigurationPlatforms) = preSolution
		Debug|Any CPU = Debug|Any CPU
		Release|Any CPU = Release|Any CPU
	EndGlobalSection
	GlobalSection(ProjectConfigurationPlatforms) = postSolution
		{7E538164-A5F5-10BC-E664-CBAA06980991}.Debug|Any CPU.ActiveCfg = Debug|Any CPU
		{7E538164-A5F5-10BC-E664-CBAA06980991}.Debug|Any CPU.Build.0 = Debug|Any CPU
		{7E538164-A5F5-10BC-E664-CBAA06980991}.Release|Any CPU.ActiveCfg = Release|Any CPU
		{7E538164-A5F5-10BC-E664-CBAA06980991}.Release|Any CPU.Build.0 = Release|Any CPU
	EndGlobalSection
	GlobalSection(SolutionProperties) = preSolution
		HideSolutionNode = FALSE
	EndGlobalSection
	GlobalSection(ExtensibilityGlobals) = postSolution
		SolutionGuid = {DD5C6E47-1F26-4569-8BA8-558C04D6D715}
	EndGlobalSection
EndGlobal
